
Microsoft Visual Studio Solution File, Format Version 12.00
# Visual Studio Version 16
VisualStudioVersion = 16.0.29905.134
MinimumVisualStudioVersion = 10.0.40219.1
Project("{FAE04EC0-301F-11D3-BF4B-00C04F79EFBC}") = "WMDRegisterDemo", "WMDRegisterDemo\WMDRegisterDemo.csproj", "{6761E918-CC2E-4E05-A0AC-FDA98AA0DBDB}"
EndProject
Global
	GlobalSection(SolutionConfigurationPlatforms) = preSolution
		Debug|Any CPU = Debug|Any CPU
		Release|Any CPU = Release|Any CPU
	EndGlobalSection
	GlobalSection(ProjectConfigurationPlatforms) = postSolution
		{6761E918-CC2E-4E05-A0AC-FDA98AA0DBDB}.Debug|Any CPU.ActiveCfg = Debug|Any CPU
		{6761E918-CC2E-4E05-A0AC-FDA98AA0DBDB}.Debug|Any CPU.Build.0 = Debug|Any CPU
		{6761E918-CC2E-4E05-A0AC-FDA98AA0DBDB}.Release|Any CPU.ActiveCfg = Release|Any CPU
		{6761E918-CC2E-4E05-A0AC-FDA98AA0DBDB}.Release|Any CPU.Build.0 = Release|Any CPU
	EndGlobalSection
	GlobalSection(SolutionProperties) = preSolution
		HideSolutionNode = FALSE
	EndGlobalSection
	GlobalSection(ExtensibilityGlobals) = postSolution
		SolutionGuid = {FED60A20-7C45-48EA-A78D-AB7768188141}
	EndGlobalSection
EndGlobal
